
Microsoft Visual Studio Solution File, Format Version 12.00
# Visual Studio Version 16
VisualStudioVersion = 16.0.32510.428
MinimumVisualStudioVersion = 10.0.40219.1
Project("{FAE04EC0-301F-11D3-BF4B-00C04F79EFBC}") = "coffeeApp", "coffeeApp\coffeeApp.csproj", "{97D423BA-0408-4985-84B2-3966B368E87E}"
EndProject
Global
	GlobalSection(SolutionConfigurationPlatforms) = preSolution
		Debug|Any CPU = Debug|Any CPU
		Release|Any CPU = Release|Any CPU
	EndGlobalSection
	GlobalSection(ProjectConfigurationPlatforms) = postSolution
		{97D423BA-0408-4985-84B2-3966B368E87E}.Debug|Any CPU.ActiveCfg = Debug|Any CPU
		{97D423BA-0408-4985-84B2-3966B368E87E}.Debug|Any CPU.Build.0 = Debug|Any CPU
		{97D423BA-0408-4985-84B2-3966B368E87E}.Release|Any CPU.ActiveCfg = Release|Any CPU
		{97D423BA-0408-4985-84B2-3966B368E87E}.Release|Any CPU.Build.0 = Release|Any CPU
	EndGlobalSection
	GlobalSection(SolutionProperties) = preSolution
		HideSolutionNode = FALSE
	EndGlobalSection
	GlobalSection(ExtensibilityGlobals) = postSolution
		SolutionGuid = {42796878-87AD-46FF-90F8-D96C0B856405}
	EndGlobalSection
EndGlobal
